# Prisma Migrate lockfile v1

20200616203640-add-uf-to-address
20200616215136-add-enabled-to-user
20200618194846-add-telephone-to-unit
20200628132757-change-sale-status
20200628220340-change-acomplished-to-finished-status
20200726213444-set-source-for-sales
20200726213745-set-source-for-sales
20200726214212-change-factory-source-to-new
20201001120058-delete-address-table-improve-car-table
20201014165839-alter-company-service-collumn-name-from-company-model
20210124212550-add-comments-field-to-sale-table
20210124213525-add-comments-column-to-sales-table
20210124213706-change-comments-column-to-nullable